// !$*UTF8*$!
{
	archiveVersion = 1;
	classes = {
	};
	objectVersion = 55;
	objects = {

/* Begin PBXBuildFile section */
		85C227102881726A0048F174 /* AppDelegate.swift in Sources */ = {isa = PBXBuildFile; fileRef = 85C2270F2881726A0048F174 /* AppDelegate.swift */; };
		85C227142881726A0048F174 /* RootViewController.swift in Sources */ = {isa = PBXBuildFile; fileRef = 85C227132881726A0048F174 /* RootViewController.swift */; };
		85C227172881726A0048F174 /* Main.storyboard in Resources */ = {isa = PBXBuildFile; fileRef = 85C227152881726A0048F174 /* Main.storyboard */; };
		85C2271A2881726A0048F174 /* Technical_Test.xcdatamodeld in Sources */ = {isa = PBXBuildFile; fileRef = 85C227182881726A0048F174 /* Technical_Test.xcdatamodeld */; };
		85C2271C2881726D0048F174 /* Assets.xcassets in Resources */ = {isa = PBXBuildFile; fileRef = 85C2271B2881726D0048F174 /* Assets.xcassets */; };
		85C2271F2881726D0048F174 /* LaunchScreen.storyboard in Resources */ = {isa = PBXBuildFile; fileRef = 85C2271D2881726D0048F174 /* LaunchScreen.storyboard */; };
		85C2272C2881755D0048F174 /* Extensions.Common.swift in Sources */ = {isa = PBXBuildFile; fileRef = 85C2272B2881755D0048F174 /* Extensions.Common.swift */; };
		85C22730288177180048F174 /* Extension.UIScreen.swift in Sources */ = {isa = PBXBuildFile; fileRef = 85C2272F288177180048F174 /* Extension.UIScreen.swift */; };
		85C227322881773B0048F174 /* Extension.UIApplication.swift in Sources */ = {isa = PBXBuildFile; fileRef = 85C227312881773B0048F174 /* Extension.UIApplication.swift */; };
		85C22734288177690048F174 /* Extension.UIViewController.swift in Sources */ = {isa = PBXBuildFile; fileRef = 85C22733288177690048F174 /* Extension.UIViewController.swift */; };
		85C2273928817F380048F174 /* CityPreviewCell.swift in Sources */ = {isa = PBXBuildFile; fileRef = 85C2273728817F370048F174 /* CityPreviewCell.swift */; };
		85C2273A28817F380048F174 /* CityPreviewCell.xib in Resources */ = {isa = PBXBuildFile; fileRef = 85C2273828817F370048F174 /* CityPreviewCell.xib */; };
		85C2273F28817FEA0048F174 /* EmptyCell.swift in Sources */ = {isa = PBXBuildFile; fileRef = 85C2273D28817FEA0048F174 /* EmptyCell.swift */; };
		85C2274028817FEA0048F174 /* EmptyCell.xib in Resources */ = {isa = PBXBuildFile; fileRef = 85C2273E28817FEA0048F174 /* EmptyCell.xib */; };
		85C227442882067D0048F174 /* LocationManager.swift in Sources */ = {isa = PBXBuildFile; fileRef = 85C227432882067D0048F174 /* LocationManager.swift */; };
		85C22746288208CC0048F174 /* AddCityViewController.swift in Sources */ = {isa = PBXBuildFile; fileRef = 85C22745288208CC0048F174 /* AddCityViewController.swift */; };
		85DBD00F2884A361008C5098 /* Constants.swift in Sources */ = {isa = PBXBuildFile; fileRef = 85DBD00E2884A361008C5098 /* Constants.swift */; };
/* End PBXBuildFile section */

/* Begin PBXCopyFilesBuildPhase section */
		85DBD01A2884A8D5008C5098 /* Embed Frameworks */ = {
			isa = PBXCopyFilesBuildPhase;
			buildActionMask = 2147483647;
			dstPath = "";
			dstSubfolderSpec = 10;
			files = (
			);
			name = "Embed Frameworks";
			runOnlyForDeploymentPostprocessing = 0;
		};
/* End PBXCopyFilesBuildPhase section */

/* Begin PBXFileReference section */
		85C2270C288172690048F174 /* Technical Test.app */ = {isa = PBXFileReference; explicitFileType = wrapper.application; includeInIndex = 0; path = "Technical Test.app"; sourceTree = BUILT_PRODUCTS_DIR; };
		85C2270F2881726A0048F174 /* AppDelegate.swift */ = {isa = PBXFileReference; lastKnownFileType = sourcecode.swift; path = AppDelegate.swift; sourceTree = "<group>"; };
		85C227132881726A0048F174 /* RootViewController.swift */ = {isa = PBXFileReference; lastKnownFileType = sourcecode.swift; path = RootViewController.swift; sourceTree = "<group>"; };
		85C227162881726A0048F174 /* Base */ = {isa = PBXFileReference; lastKnownFileType = file.storyboard; name = Base; path = Base.lproj/Main.storyboard; sourceTree = "<group>"; };
		85C227192881726A0048F174 /* Technical_Test.xcdatamodel */ = {isa = PBXFileReference; lastKnownFileType = wrapper.xcdatamodel; path = Technical_Test.xcdatamodel; sourceTree = "<group>"; };
		85C2271B2881726D0048F174 /* Assets.xcassets */ = {isa = PBXFileReference; lastKnownFileType = folder.assetcatalog; path = Assets.xcassets; sourceTree = "<group>"; };
		85C2271E2881726D0048F174 /* Base */ = {isa = PBXFileReference; lastKnownFileType = file.storyboard; name = Base; path = Base.lproj/LaunchScreen.storyboard; sourceTree = "<group>"; };
		85C227202881726D0048F174 /* Info.plist */ = {isa = PBXFileReference; lastKnownFileType = text.plist.xml; path = Info.plist; sourceTree = "<group>"; };
		85C2272B2881755D0048F174 /* Extensions.Common.swift */ = {isa = PBXFileReference; fileEncoding = 4; lastKnownFileType = sourcecode.swift; path = Extensions.Common.swift; sourceTree = "<group>"; };
		85C2272F288177180048F174 /* Extension.UIScreen.swift */ = {isa = PBXFileReference; lastKnownFileType = sourcecode.swift; path = Extension.UIScreen.swift; sourceTree = "<group>"; };
		85C227312881773B0048F174 /* Extension.UIApplication.swift */ = {isa = PBXFileReference; lastKnownFileType = sourcecode.swift; path = Extension.UIApplication.swift; sourceTree = "<group>"; };
		85C22733288177690048F174 /* Extension.UIViewController.swift */ = {isa = PBXFileReference; lastKnownFileType = sourcecode.swift; path = Extension.UIViewController.swift; sourceTree = "<group>"; };
		85C2273728817F370048F174 /* CityPreviewCell.swift */ = {isa = PBXFileReference; lastKnownFileType = sourcecode.swift; path = CityPreviewCell.swift; sourceTree = "<group>"; };
		85C2273828817F370048F174 /* CityPreviewCell.xib */ = {isa = PBXFileReference; lastKnownFileType = file.xib; path = CityPreviewCell.xib; sourceTree = "<group>"; };
		85C2273D28817FEA0048F174 /* EmptyCell.swift */ = {isa = PBXFileReference; lastKnownFileType = sourcecode.swift; path = EmptyCell.swift; sourceTree = "<group>"; };
		85C2273E28817FEA0048F174 /* EmptyCell.xib */ = {isa = PBXFileReference; lastKnownFileType = file.xib; path = EmptyCell.xib; sourceTree = "<group>"; };
		85C227432882067D0048F174 /* LocationManager.swift */ = {isa = PBXFileReference; lastKnownFileType = sourcecode.swift; path = LocationManager.swift; sourceTree = "<group>"; };
		85C22745288208CC0048F174 /* AddCityViewController.swift */ = {isa = PBXFileReference; lastKnownFileType = sourcecode.swift; path = AddCityViewController.swift; sourceTree = "<group>"; };
		85DBD00E2884A361008C5098 /* Constants.swift */ = {isa = PBXFileReference; lastKnownFileType = sourcecode.swift; path = Constants.swift; sourceTree = "<group>"; };
		85DBD01C2884A9DA008C5098 /* OpenWeatherAPI */ = {isa = PBXFileReference; lastKnownFileType = folder; name = OpenWeatherAPI; path = ../OpenWeatherAPI; sourceTree = "<group>"; };
/* End PBXFileReference section */

/* Begin PBXFrameworksBuildPhase section */
		85C22709288172690048F174 /* Frameworks */ = {
			isa = PBXFrameworksBuildPhase;
			buildActionMask = 2147483647;
			files = (
			);
			runOnlyForDeploymentPostprocessing = 0;
		};
/* End PBXFrameworksBuildPhase section */

/* Begin PBXGroup section */
		85C22703288172690048F174 = {
			isa = PBXGroup;
			children = (
				85C2270E288172690048F174 /* Technical Test */,
				85C2270D288172690048F174 /* Products */,
				85DBD01B2884A9DA008C5098 /* Frameworks */,
			);
			sourceTree = "<group>";
		};
		85C2270D288172690048F174 /* Products */ = {
			isa = PBXGroup;
			children = (
				85C2270C288172690048F174 /* Technical Test.app */,
			);
			name = Products;
			sourceTree = "<group>";
		};
		85C2270E288172690048F174 /* Technical Test */ = {
			isa = PBXGroup;
			children = (
				85C2273628817EF60048F174 /* UI */,
				85C22726288172720048F174 /* Configurations */,
				85C227282881729B0048F174 /* ViewControllers */,
				85C2272A288175470048F174 /* Extensions */,
				85C227422882066B0048F174 /* Managers */,
				85C22729288174DF0048F174 /* Resources */,
				85C227182881726A0048F174 /* Technical_Test.xcdatamodeld */,
			);
			path = "Technical Test";
			sourceTree = "<group>";
		};
		85C22726288172720048F174 /* Configurations */ = {
			isa = PBXGroup;
			children = (
				85C227202881726D0048F174 /* Info.plist */,
				85C2270F2881726A0048F174 /* AppDelegate.swift */,
				85DBD00E2884A361008C5098 /* Constants.swift */,
			);
			path = Configurations;
			sourceTree = "<group>";
		};
		85C227272881728A0048F174 /* Storyboards */ = {
			isa = PBXGroup;
			children = (
				85C2271D2881726D0048F174 /* LaunchScreen.storyboard */,
				85C227152881726A0048F174 /* Main.storyboard */,
			);
			path = Storyboards;
			sourceTree = "<group>";
		};
		85C227282881729B0048F174 /* ViewControllers */ = {
			isa = PBXGroup;
			children = (
				85C227132881726A0048F174 /* RootViewController.swift */,
				85C22745288208CC0048F174 /* AddCityViewController.swift */,
			);
			path = ViewControllers;
			sourceTree = "<group>";
		};
		85C22729288174DF0048F174 /* Resources */ = {
			isa = PBXGroup;
			children = (
				85C2271B2881726D0048F174 /* Assets.xcassets */,
			);
			path = Resources;
			sourceTree = "<group>";
		};
		85C2272A288175470048F174 /* Extensions */ = {
			isa = PBXGroup;
			children = (
				85C2272B2881755D0048F174 /* Extensions.Common.swift */,
				85C22733288177690048F174 /* Extension.UIViewController.swift */,
				85C227312881773B0048F174 /* Extension.UIApplication.swift */,
				85C2272F288177180048F174 /* Extension.UIScreen.swift */,
			);
			path = Extensions;
			sourceTree = "<group>";
		};
		85C2273528817EEF0048F174 /* Cells */ = {
			isa = PBXGroup;
			children = (
				85C2273C28817FBD0048F174 /* EmptyCell */,
				85C2273B28817FAF0048F174 /* CityPreviewCell */,
			);
			path = Cells;
			sourceTree = "<group>";
		};
		85C2273628817EF60048F174 /* UI */ = {
			isa = PBXGroup;
			children = (
				85C227272881728A0048F174 /* Storyboards */,
				85C2273528817EEF0048F174 /* Cells */,
			);
			path = UI;
			sourceTree = "<group>";
		};
		85C2273B28817FAF0048F174 /* CityPreviewCell */ = {
			isa = PBXGroup;
			children = (
				85C2273728817F370048F174 /* CityPreviewCell.swift */,
				85C2273828817F370048F174 /* CityPreviewCell.xib */,
			);
			path = CityPreviewCell;
			sourceTree = "<group>";
		};
		85C2273C28817FBD0048F174 /* EmptyCell */ = {
			isa = PBXGroup;
			children = (
				85C2273D28817FEA0048F174 /* EmptyCell.swift */,
				85C2273E28817FEA0048F174 /* EmptyCell.xib */,
			);
			path = EmptyCell;
			sourceTree = "<group>";
		};
		85C227422882066B0048F174 /* Managers */ = {
			isa = PBXGroup;
			children = (
				85C227432882067D0048F174 /* LocationManager.swift */,
			);
			path = Managers;
			sourceTree = "<group>";
		};
		85DBD01B2884A9DA008C5098 /* Frameworks */ = {
			isa = PBXGroup;
			children = (
				85DBD01C2884A9DA008C5098 /* OpenWeatherAPI */,
			);
			name = Frameworks;
			sourceTree = "<group>";
		};
/* End PBXGroup section */

/* Begin PBXNativeTarget section */
		85C2270B288172690048F174 /* Technical Test */ = {
			isa = PBXNativeTarget;
			buildConfigurationList = 85C227232881726D0048F174 /* Build configuration list for PBXNativeTarget "Technical Test" */;
			buildPhases = (
				85C22708288172690048F174 /* Sources */,
				85C22709288172690048F174 /* Frameworks */,
				85C2270A288172690048F174 /* Resources */,
				85DBD01A2884A8D5008C5098 /* Embed Frameworks */,
			);
			buildRules = (
			);
			dependencies = (
			);
			name = "Technical Test";
			productName = "Technical Test";
			productReference = 85C2270C288172690048F174 /* Technical Test.app */;
			productType = "com.apple.product-type.application";
		};
/* End PBXNativeTarget section */

/* Begin PBXProject section */
		85C22704288172690048F174 /* Project object */ = {
			isa = PBXProject;
			attributes = {
				BuildIndependentTargetsInParallel = 1;
				LastSwiftUpdateCheck = 1340;
				LastUpgradeCheck = 1340;
				TargetAttributes = {
					85C2270B288172690048F174 = {
						CreatedOnToolsVersion = 13.4.1;
					};
				};
			};
			buildConfigurationList = 85C22707288172690048F174 /* Build configuration list for PBXProject "Technical Test" */;
			compatibilityVersion = "Xcode 13.0";
			developmentRegion = en;
			hasScannedForEncodings = 0;
			knownRegions = (
				en,
				Base,
			);
			mainGroup = 85C22703288172690048F174;
			productRefGroup = 85C2270D288172690048F174 /* Products */;
			projectDirPath = "";
			projectRoot = "";
			targets = (
				85C2270B288172690048F174 /* Technical Test */,
			);
		};
/* End PBXProject section */

/* Begin PBXResourcesBuildPhase section */
		85C2270A288172690048F174 /* Resources */ = {
			isa = PBXResourcesBuildPhase;
			buildActionMask = 2147483647;
			files = (
				85C2271F2881726D0048F174 /* LaunchScreen.storyboard in Resources */,
				85C2274028817FEA0048F174 /* EmptyCell.xib in Resources */,
				85C2271C2881726D0048F174 /* Assets.xcassets in Resources */,
				85C227172881726A0048F174 /* Main.storyboard in Resources */,
				85C2273A28817F380048F174 /* CityPreviewCell.xib in Resources */,
			);
			runOnlyForDeploymentPostprocessing = 0;
		};
/* End PBXResourcesBuildPhase section */

/* Begin PBXSourcesBuildPhase section */
		85C22708288172690048F174 /* Sources */ = {
			isa = PBXSourcesBuildPhase;
			buildActionMask = 2147483647;
			files = (
				85C227142881726A0048F174 /* RootViewController.swift in Sources */,
				85C2271A2881726A0048F174 /* Technical_Test.xcdatamodeld in Sources */,
				85C227442882067D0048F174 /* LocationManager.swift in Sources */,
				85C22730288177180048F174 /* Extension.UIScreen.swift in Sources */,
				85C2273928817F380048F174 /* CityPreviewCell.swift in Sources */,
				85C22734288177690048F174 /* Extension.UIViewController.swift in Sources */,
				85C227102881726A0048F174 /* AppDelegate.swift in Sources */,
				85C22746288208CC0048F174 /* AddCityViewController.swift in Sources */,
				85C2272C2881755D0048F174 /* Extensions.Common.swift in Sources */,
				85C227322881773B0048F174 /* Extension.UIApplication.swift in Sources */,
				85C2273F28817FEA0048F174 /* EmptyCell.swift in Sources */,
				85DBD00F2884A361008C5098 /* Constants.swift in Sources */,
			);
			runOnlyForDeploymentPostprocessing = 0;
		};
/* End PBXSourcesBuildPhase section */

/* Begin PBXVariantGroup section */
		85C227152881726A0048F174 /* Main.storyboard */ = {
			isa = PBXVariantGroup;
			children = (
				85C227162881726A0048F174 /* Base */,
			);
			name = Main.storyboard;
			sourceTree = "<group>";
		};
		85C2271D2881726D0048F174 /* LaunchScreen.storyboard */ = {
			isa = PBXVariantGroup;
			children = (
				85C2271E2881726D0048F174 /* Base */,
			);
			name = LaunchScreen.storyboard;
			sourceTree = "<group>";
		};
/* End PBXVariantGroup section */

/* Begin XCBuildConfiguration section */
		85C227212881726D0048F174 /* Debug */ = {
			isa = XCBuildConfiguration;
			buildSettings = {
				ALWAYS_SEARCH_USER_PATHS = NO;
				CLANG_ANALYZER_NONNULL = YES;
				CLANG_ANALYZER_NUMBER_OBJECT_CONVERSION = YES_AGGRESSIVE;
				CLANG_CXX_LANGUAGE_STANDARD = "gnu++17";
				CLANG_ENABLE_MODULES = YES;
				CLANG_ENABLE_OBJC_ARC = YES;
				CLANG_ENABLE_OBJC_WEAK = YES;
				CLANG_WARN_BLOCK_CAPTURE_AUTORELEASING = YES;
				CLANG_WARN_BOOL_CONVERSION = YES;
				CLANG_WARN_COMMA = YES;
				CLANG_WARN_CONSTANT_CONVERSION = YES;
				CLANG_WARN_DEPRECATED_OBJC_IMPLEMENTATIONS = YES;
				CLANG_WARN_DIRECT_OBJC_ISA_USAGE = YES_ERROR;
				CLANG_WARN_DOCUMENTATION_COMMENTS = YES;
				CLANG_WARN_EMPTY_BODY = YES;
				CLANG_WARN_ENUM_CONVERSION = YES;
				CLANG_WARN_INFINITE_RECURSION = YES;
				CLANG_WARN_INT_CONVERSION = YES;
				CLANG_WARN_NON_LITERAL_NULL_CONVERSION = YES;
				CLANG_WARN_OBJC_IMPLICIT_RETAIN_SELF = YES;
				CLANG_WARN_OBJC_LITERAL_CONVERSION = YES;
				CLANG_WARN_OBJC_ROOT_CLASS = YES_ERROR;
				CLANG_WARN_QUOTED_INCLUDE_IN_FRAMEWORK_HEADER = YES;
				CLANG_WARN_RANGE_LOOP_ANALYSIS = YES;
				CLANG_WARN_STRICT_PROTOTYPES = YES;
				CLANG_WARN_SUSPICIOUS_MOVE = YES;
				CLANG_WARN_UNGUARDED_AVAILABILITY = YES_AGGRESSIVE;
				CLANG_WARN_UNREACHABLE_CODE = YES;
				CLANG_WARN__DUPLICATE_METHOD_MATCH = YES;
				COPY_PHASE_STRIP = NO;
				DEBUG_INFORMATION_FORMAT = dwarf;
				ENABLE_STRICT_OBJC_MSGSEND = YES;
				ENABLE_TESTABILITY = YES;
				GCC_C_LANGUAGE_STANDARD = gnu11;
				GCC_DYNAMIC_NO_PIC = NO;
				GCC_NO_COMMON_BLOCKS = YES;
				GCC_OPTIMIZATION_LEVEL = 0;
				GCC_PREPROCESSOR_DEFINITIONS = (
					"DEBUG=1",
					"$(inherited)",
				);
				GCC_WARN_64_TO_32_BIT_CONVERSION = YES;
				GCC_WARN_ABOUT_RETURN_TYPE = YES_ERROR;
				GCC_WARN_UNDECLARED_SELECTOR = YES;
				GCC_WARN_UNINITIALIZED_AUTOS = YES_AGGRESSIVE;
				GCC_WARN_UNUSED_FUNCTION = YES;
				GCC_WARN_UNUSED_VARIABLE = YES;
				IPHONEOS_DEPLOYMENT_TARGET = 11.0;
				MTL_ENABLE_DEBUG_INFO = INCLUDE_SOURCE;
				MTL_FAST_MATH = YES;
				ONLY_ACTIVE_ARCH = YES;
				SDKROOT = iphoneos;
				SWIFT_ACTIVE_COMPILATION_CONDITIONS = DEBUG;
				SWIFT_OPTIMIZATION_LEVEL = "-Onone";
			};
			name = Debug;
		};
		85C227222881726D0048F174 /* Release */ = {
			isa = XCBuildConfiguration;
			buildSettings = {
				ALWAYS_SEARCH_USER_PATHS = NO;
				CLANG_ANALYZER_NONNULL = YES;
				CLANG_ANALYZER_NUMBER_OBJECT_CONVERSION = YES_AGGRESSIVE;
				CLANG_CXX_LANGUAGE_STANDARD = "gnu++17";
				CLANG_ENABLE_MODULES = YES;
				CLANG_ENABLE_OBJC_ARC = YES;
				CLANG_ENABLE_OBJC_WEAK = YES;
				CLANG_WARN_BLOCK_CAPTURE_AUTORELEASING = YES;
				CLANG_WARN_BOOL_CONVERSION = YES;
				CLANG_WARN_COMMA = YES;
				CLANG_WARN_CONSTANT_CONVERSION = YES;
				CLANG_WARN_DEPRECATED_OBJC_IMPLEMENTATIONS = YES;
				CLANG_WARN_DIRECT_OBJC_ISA_USAGE = YES_ERROR;
				CLANG_WARN_DOCUMENTATION_COMMENTS = YES;
				CLANG_WARN_EMPTY_BODY = YES;
				CLANG_WARN_ENUM_CONVERSION = YES;
				CLANG_WARN_INFINITE_RECURSION = YES;
				CLANG_WARN_INT_CONVERSION = YES;
				CLANG_WARN_NON_LITERAL_NULL_CONVERSION = YES;
				CLANG_WARN_OBJC_IMPLICIT_RETAIN_SELF = YES;
				CLANG_WARN_OBJC_LITERAL_CONVERSION = YES;
				CLANG_WARN_OBJC_ROOT_CLASS = YES_ERROR;
				CLANG_WARN_QUOTED_INCLUDE_IN_FRAMEWORK_HEADER = YES;
				CLANG_WARN_RANGE_LOOP_ANALYSIS = YES;
				CLANG_WARN_STRICT_PROTOTYPES = YES;
				CLANG_WARN_SUSPICIOUS_MOVE = YES;
				CLANG_WARN_UNGUARDED_AVAILABILITY = YES_AGGRESSIVE;
				CLANG_WARN_UNREACHABLE_CODE = YES;
				CLANG_WARN__DUPLICATE_METHOD_MATCH = YES;
				COPY_PHASE_STRIP = NO;
				DEBUG_INFORMATION_FORMAT = "dwarf-with-dsym";
				ENABLE_NS_ASSERTIONS = NO;
				ENABLE_STRICT_OBJC_MSGSEND = YES;
				GCC_C_LANGUAGE_STANDARD = gnu11;
				GCC_NO_COMMON_BLOCKS = YES;
				GCC_WARN_64_TO_32_BIT_CONVERSION = YES;
				GCC_WARN_ABOUT_RETURN_TYPE = YES_ERROR;
				GCC_WARN_UNDECLARED_SELECTOR = YES;
				GCC_WARN_UNINITIALIZED_AUTOS = YES_AGGRESSIVE;
				GCC_WARN_UNUSED_FUNCTION = YES;
				GCC_WARN_UNUSED_VARIABLE = YES;
				IPHONEOS_DEPLOYMENT_TARGET = 11.0;
				MTL_ENABLE_DEBUG_INFO = NO;
				MTL_FAST_MATH = YES;
				SDKROOT = iphoneos;
				SWIFT_COMPILATION_MODE = wholemodule;
				SWIFT_OPTIMIZATION_LEVEL = "-O";
				VALIDATE_PRODUCT = YES;
			};
			name = Release;
		};
		85C227242881726D0048F174 /* Debug */ = {
			isa = XCBuildConfiguration;
			buildSettings = {
				ASSETCATALOG_COMPILER_APPICON_NAME = AppIcon;
				ASSETCATALOG_COMPILER_GLOBAL_ACCENT_COLOR_NAME = AccentColor;
				CODE_SIGN_STYLE = Automatic;
				CURRENT_PROJECT_VERSION = 1;
				DEVELOPMENT_TEAM = D8L4KTPGCD;
				FRAMEWORK_SEARCH_PATHS = (
					"$(inherited)",
					"$(PROJECT_DIR)",
				);
				GENERATE_INFOPLIST_FILE = YES;
				INFOPLIST_FILE = "Technical Test/Configurations/Info.plist";
				INFOPLIST_KEY_UIApplicationSupportsIndirectInputEvents = YES;
				INFOPLIST_KEY_UILaunchStoryboardName = LaunchScreen;
				INFOPLIST_KEY_UIMainStoryboardFile = Main;
				INFOPLIST_KEY_UISupportedInterfaceOrientations_iPad = "UIInterfaceOrientationPortrait UIInterfaceOrientationPortraitUpsideDown UIInterfaceOrientationLandscapeLeft UIInterfaceOrientationLandscapeRight";
				INFOPLIST_KEY_UISupportedInterfaceOrientations_iPhone = "UIInterfaceOrientationPortrait UIInterfaceOrientationLandscapeLeft UIInterfaceOrientationLandscapeRight";
				IPHONEOS_DEPLOYMENT_TARGET = 11.0;
				LD_RUNPATH_SEARCH_PATHS = (
					"$(inherited)",
					"@executable_path/Frameworks",
				);
				MARKETING_VERSION = 1.0;
				PRODUCT_BUNDLE_IDENTIFIER = "com.tech.test.Technical-Test";
				PRODUCT_NAME = "$(TARGET_NAME)";
				SWIFT_EMIT_LOC_STRINGS = YES;
				SWIFT_VERSION = 5.0;
				TARGETED_DEVICE_FAMILY = 1;
			};
			name = Debug;
		};
		85C227252881726D0048F174 /* Release */ = {
			isa = XCBuildConfiguration;
			buildSettings = {
				ASSETCATALOG_COMPILER_APPICON_NAME = AppIcon;
				ASSETCATALOG_COMPILER_GLOBAL_ACCENT_COLOR_NAME = AccentColor;
				CODE_SIGN_STYLE = Automatic;
				CURRENT_PROJECT_VERSION = 1;
				DEVELOPMENT_TEAM = D8L4KTPGCD;
				FRAMEWORK_SEARCH_PATHS = (
					"$(inherited)",
					"$(PROJECT_DIR)",
				);
				GENERATE_INFOPLIST_FILE = YES;
				INFOPLIST_FILE = "Technical Test/Configurations/Info.plist";
				INFOPLIST_KEY_UIApplicationSupportsIndirectInputEvents = YES;
				INFOPLIST_KEY_UILaunchStoryboardName = LaunchScreen;
				INFOPLIST_KEY_UIMainStoryboardFile = Main;
				INFOPLIST_KEY_UISupportedInterfaceOrientations_iPad = "UIInterfaceOrientationPortrait UIInterfaceOrientationPortraitUpsideDown UIInterfaceOrientationLandscapeLeft UIInterfaceOrientationLandscapeRight";
				INFOPLIST_KEY_UISupportedInterfaceOrientations_iPhone = "UIInterfaceOrientationPortrait UIInterfaceOrientationLandscapeLeft UIInterfaceOrientationLandscapeRight";
				IPHONEOS_DEPLOYMENT_TARGET = 11.0;
				LD_RUNPATH_SEARCH_PATHS = (
					"$(inherited)",
					"@executable_path/Frameworks",
				);
				MARKETING_VERSION = 1.0;
				PRODUCT_BUNDLE_IDENTIFIER = "com.tech.test.Technical-Test";
				PRODUCT_NAME = "$(TARGET_NAME)";
				SWIFT_EMIT_LOC_STRINGS = YES;
				SWIFT_VERSION = 5.0;
				TARGETED_DEVICE_FAMILY = 1;
			};
			name = Release;
		};
/* End XCBuildConfiguration section */

/* Begin XCConfigurationList section */
		85C22707288172690048F174 /* Build configuration list for PBXProject "Technical Test" */ = {
			isa = XCConfigurationList;
			buildConfigurations = (
				85C227212881726D0048F174 /* Debug */,
				85C227222881726D0048F174 /* Release */,
			);
			defaultConfigurationIsVisible = 0;
			defaultConfigurationName = Release;
		};
		85C227232881726D0048F174 /* Build configuration list for PBXNativeTarget "Technical Test" */ = {
			isa = XCConfigurationList;
			buildConfigurations = (
				85C227242881726D0048F174 /* Debug */,
				85C227252881726D0048F174 /* Release */,
			);
			defaultConfigurationIsVisible = 0;
			defaultConfigurationName = Release;
		};
/* End XCConfigurationList section */

/* Begin XCVersionGroup section */
		85C227182881726A0048F174 /* Technical_Test.xcdatamodeld */ = {
			isa = XCVersionGroup;
			children = (
				85C227192881726A0048F174 /* Technical_Test.xcdatamodel */,
			);
			currentVersion = 85C227192881726A0048F174 /* Technical_Test.xcdatamodel */;
			path = Technical_Test.xcdatamodeld;
			sourceTree = "<group>";
			versionGroupType = wrapper.xcdatamodel;
		};
/* End XCVersionGroup section */
	};
	rootObject = 85C22704288172690048F174 /* Project object */;
}
